
Microsoft Visual Studio Solution File, Format Version 12.00
# Visual Studio Version 17
VisualStudioVersion = 17.3.32929.385
MinimumVisualStudioVersion = 10.0.40219.1
Project("{FAE04EC0-301F-11D3-BF4B-00C04F79EFBC}") = "AddressBook_API", "AddressBook_API\AddressBook_API.csproj", "{FA018A86-A23A-4CDD-BC25-C4DD1E1F8965}"
EndProject
Global
	GlobalSection(SolutionConfigurationPlatforms) = preSolution
		Debug|Any CPU = Debug|Any CPU
		Release|Any CPU = Release|Any CPU
	EndGlobalSection
	GlobalSection(ProjectConfigurationPlatforms) = postSolution
		{FA018A86-A23A-4CDD-BC25-C4DD1E1F8965}.Debug|Any CPU.ActiveCfg = Debug|Any CPU
		{FA018A86-A23A-4CDD-BC25-C4DD1E1F8965}.Debug|Any CPU.Build.0 = Debug|Any CPU
		{FA018A86-A23A-4CDD-BC25-C4DD1E1F8965}.Release|Any CPU.ActiveCfg = Release|Any CPU
		{FA018A86-A23A-4CDD-BC25-C4DD1E1F8965}.Release|Any CPU.Build.0 = Release|Any CPU
	EndGlobalSection
	GlobalSection(SolutionProperties) = preSolution
		HideSolutionNode = FALSE
	EndGlobalSection
	GlobalSection(ExtensibilityGlobals) = postSolution
		SolutionGuid = {52CFE9DE-DD35-4478-888A-A5C7F7A490BD}
	EndGlobalSection
EndGlobal
